
Microsoft Visual Studio Solution File, Format Version 12.00
# Visual Studio Version 16
VisualStudioVersion = 16.0.31729.503
MinimumVisualStudioVersion = 10.0.40219.1
Project("{FAE04EC0-301F-11D3-BF4B-00C04F79EFBC}") = "AutomationLibrary", "AutomationLibrary\AutomationLibrary.csproj", "{44513B58-1224-4DC2-A281-754B633F2804}"
EndProject
Global
	GlobalSection(SolutionConfigurationPlatforms) = preSolution
		Debug|Any CPU = Debug|Any CPU
		Release|Any CPU = Release|Any CPU
	EndGlobalSection
	GlobalSection(ProjectConfigurationPlatforms) = postSolution
		{44513B58-1224-4DC2-A281-754B633F2804}.Debug|Any CPU.ActiveCfg = Debug|Any CPU
		{44513B58-1224-4DC2-A281-754B633F2804}.Debug|Any CPU.Build.0 = Debug|Any CPU
		{44513B58-1224-4DC2-A281-754B633F2804}.Release|Any CPU.ActiveCfg = Release|Any CPU
		{44513B58-1224-4DC2-A281-754B633F2804}.Release|Any CPU.Build.0 = Release|Any CPU
	EndGlobalSection
	GlobalSection(SolutionProperties) = preSolution
		HideSolutionNode = FALSE
	EndGlobalSection
	GlobalSection(ExtensibilityGlobals) = postSolution
		SolutionGuid = {5CE01A6D-7780-489D-A1F2-670FD7A618D1}
	EndGlobalSection
EndGlobal
